
Microsoft Visual Studio Solution File, Format Version 11.00
# Visual Studio 2010
Project("{FAE04EC0-301F-11D3-BF4B-00C04F79EFBC}") = "BA.MultiMVC.Framework", "..\Framework\BA.MultiMVC.Framework.csproj", "{A26E06A2-3468-4DD0-9E7C-7155C7807E84}"
EndProject
Project("{2150E333-8FDC-42A3-9474-1A3956D46DE8}") = "Framework", "Framework", "{B535BF7D-A18F-44EA-9EE3-27A12DB153A1}"
EndProject
Project("{2150E333-8FDC-42A3-9474-1A3956D46DE8}") = "Sample", "Sample", "{F84AD289-37C2-4D26-9865-D6A4AEFE78C6}"
EndProject
Project("{2150E333-8FDC-42A3-9474-1A3956D46DE8}") = "Test", "Test", "{57AD98F5-704C-4723-9471-B7E9104272B4}"
EndProject
Project("{FAE04EC0-301F-11D3-BF4B-00C04F79EFBC}") = "BA.MultiWebApp", "..\Sample\BA.MultiWebApp\BA.MultiWebApp.csproj", "{0ED65BD1-B482-4421-B2CD-0D6861E9A1D1}"
EndProject
Global
	GlobalSection(SolutionConfigurationPlatforms) = preSolution
		Debug|Any CPU = Debug|Any CPU
		Release|Any CPU = Release|Any CPU
	EndGlobalSection
	GlobalSection(ProjectConfigurationPlatforms) = postSolution
		{A26E06A2-3468-4DD0-9E7C-7155C7807E84}.Debug|Any CPU.ActiveCfg = Debug|Any CPU
		{A26E06A2-3468-4DD0-9E7C-7155C7807E84}.Debug|Any CPU.Build.0 = Debug|Any CPU
		{A26E06A2-3468-4DD0-9E7C-7155C7807E84}.Release|Any CPU.ActiveCfg = Release|Any CPU
		{A26E06A2-3468-4DD0-9E7C-7155C7807E84}.Release|Any CPU.Build.0 = Release|Any CPU
		{0ED65BD1-B482-4421-B2CD-0D6861E9A1D1}.Debug|Any CPU.ActiveCfg = Debug|Any CPU
		{0ED65BD1-B482-4421-B2CD-0D6861E9A1D1}.Debug|Any CPU.Build.0 = Debug|Any CPU
		{0ED65BD1-B482-4421-B2CD-0D6861E9A1D1}.Release|Any CPU.ActiveCfg = Release|Any CPU
		{0ED65BD1-B482-4421-B2CD-0D6861E9A1D1}.Release|Any CPU.Build.0 = Release|Any CPU
	EndGlobalSection
	GlobalSection(SolutionProperties) = preSolution
		HideSolutionNode = FALSE
	EndGlobalSection
	GlobalSection(NestedProjects) = preSolution
		{A26E06A2-3468-4DD0-9E7C-7155C7807E84} = {B535BF7D-A18F-44EA-9EE3-27A12DB153A1}
		{0ED65BD1-B482-4421-B2CD-0D6861E9A1D1} = {F84AD289-37C2-4D26-9865-D6A4AEFE78C6}
	EndGlobalSection
EndGlobal
